Microsoft Visual Studio Solution File, Format Version 12.00
# Visual Studio Version 17
VisualStudioVersion = 17.0.31903.59
MinimumVisualStudioVersion = 10.0.40219.1
Project("{FAE04EC0-301F-11D3-BF4B-00C04F79EFBC}") = "ReLevel.Core", "src\ReLevel.Core\ReLevel.Core.csproj", "{0DB12BF4-C7F5-4695-8537-BB0B3B7408E1}"
EndProject
Project("{FAE04EC0-301F-11D3-BF4B-00C04F79EFBC}") = "ReLevel.Revit", "src\ReLevel.Revit\ReLevel.Revit.csproj", "{2FE92839-1886-457B-90A9-F0BFF3F0763F}"
EndProject
Project("{FAE04EC0-301F-11D3-BF4B-00C04F79EFBC}") = "ReLevel.Core.Tests", "tests\ReLevel.Core.Tests\ReLevel.Core.Tests.csproj", "{9BCC91F8-3D3F-4BF3-84EC-F00A093979B2}"
EndProject
Global
	GlobalSection(SolutionConfigurationPlatforms) = preSolution
		Debug|Any CPU = Debug|Any CPU
		Release|Any CPU = Release|Any CPU
	EndGlobalSection
	GlobalSection(ProjectConfigurationPlatforms) = postSolution
		{0DB12BF4-C7F5-4695-8537-BB0B3B7408E1}.Debug|Any CPU.ActiveCfg = Debug|Any CPU
		{0DB12BF4-C7F5-4695-8537-BB0B3B7408E1}.Debug|Any CPU.Build.0 = Debug|Any CPU
		{0DB12BF4-C7F5-4695-8537-BB0B3B7408E1}.Release|Any CPU.ActiveCfg = Release|Any CPU
		{0DB12BF4-C7F5-4695-8537-BB0B3B7408E1}.Release|Any CPU.Build.0 = Release|Any CPU
		{2FE92839-1886-457B-90A9-F0BFF3F0763F}.Debug|Any CPU.ActiveCfg = Debug|Any CPU
		{2FE92839-1886-457B-90A9-F0BFF3F0763F}.Debug|Any CPU.Build.0 = Debug|Any CPU
		{2FE92839-1886-457B-90A9-F0BFF3F0763F}.Release|Any CPU.ActiveCfg = Release|Any CPU
		{2FE92839-1886-457B-90A9-F0BFF3F0763F}.Release|Any CPU.Build.0 = Release|Any CPU
		{9BCC91F8-3D3F-4BF3-84EC-F00A093979B2}.Debug|Any CPU.ActiveCfg = Debug|Any CPU
		{9BCC91F8-3D3F-4BF3-84EC-F00A093979B2}.Debug|Any CPU.Build.0 = Debug|Any CPU
		{9BCC91F8-3D3F-4BF3-84EC-F00A093979B2}.Release|Any CPU.ActiveCfg = Release|Any CPU
		{9BCC91F8-3D3F-4BF3-84EC-F00A093979B2}.Release|Any CPU.Build.0 = Release|Any CPU
	EndGlobalSection
EndGlobal
